// !$*UTF8*$!
{
	archiveVersion = 1;
	classes = {
	};
	objectVersion = 46;
	objects = {

/* Begin PBXBuildFile section */
		5A1925081DFD8F6A004CE296 /* AppDelegate.swift in Sources */ = {isa = PBXBuildFile; fileRef = 5A1925071DFD8F6A004CE296 /* AppDelegate.swift */; };
		5A19250A1DFD8F6A004CE296 /* ViewController.swift in Sources */ = {isa = PBXBuildFile; fileRef = 5A1925091DFD8F6A004CE296 /* ViewController.swift */; };
		5A19250D1DFD8F6A004CE296 /* Main.storyboard in Resources */ = {isa = PBXBuildFile; fileRef = 5A19250B1DFD8F6A004CE296 /* Main.storyboard */; };
		5A19250F1DFD8F6A004CE296 /* Assets.xcassets in Resources */ = {isa = PBXBuildFile; fileRef = 5A19250E1DFD8F6A004CE296 /* Assets.xcassets */; };
		5A1925121DFD8F6A004CE296 /* LaunchScreen.storyboard in Resources */ = {isa = PBXBuildFile; fileRef = 5A1925101DFD8F6A004CE296 /* LaunchScreen.storyboard */; };
		5A19251A1DFD98C5004CE296 /* level1.txt in Resources */ = {isa = PBXBuildFile; fileRef = 5A1925191DFD98C5004CE296 /* level1.txt */; };
		5A19251C1DFDA60A004CE296 /* level2.txt in Resources */ = {isa = PBXBuildFile; fileRef = 5A19251B1DFDA60A004CE296 /* level2.txt */; };
/* End PBXBuildFile section */

/* Begin PBXFileReference section */
		5A1925041DFD8F6A004CE296 /* SwiftyWords.app */ = {isa = PBXFileReference; explicitFileType = wrapper.application; includeInIndex = 0; path = SwiftyWords.app; sourceTree = BUILT_PRODUCTS_DIR; };
		5A1925071DFD8F6A004CE296 /* AppDelegate.swift */ = {isa = PBXFileReference; lastKnownFileType = sourcecode.swift; path = AppDelegate.swift; sourceTree = "<group>"; };
		5A1925091DFD8F6A004CE296 /* ViewController.swift */ = {isa = PBXFileReference; lastKnownFileType = sourcecode.swift; path = ViewController.swift; sourceTree = "<group>"; };
		5A19250C1DFD8F6A004CE296 /* Base */ = {isa = PBXFileReference; lastKnownFileType = file.storyboard; name = Base; path = Base.lproj/Main.storyboard; sourceTree = "<group>"; };
		5A19250E1DFD8F6A004CE296 /* Assets.xcassets */ = {isa = PBXFileReference; lastKnownFileType = folder.assetcatalog; path = Assets.xcassets; sourceTree = "<group>"; };
		5A1925111DFD8F6A004CE296 /* Base */ = {isa = PBXFileReference; lastKnownFileType = file.storyboard; name = Base; path = Base.lproj/LaunchScreen.storyboard; sourceTree = "<group>"; };
		5A1925131DFD8F6A004CE296 /* Info.plist */ = {isa = PBXFileReference; lastKnownFileType = text.plist.xml; path = Info.plist; sourceTree = "<group>"; };
		5A1925191DFD98C5004CE296 /* level1.txt */ = {isa = PBXFileReference; fileEncoding = 4; lastKnownFileType = text; path = level1.txt; sourceTree = "<group>"; };
		5A19251B1DFDA60A004CE296 /* level2.txt */ = {isa = PBXFileReference; fileEncoding = 4; lastKnownFileType = text; path = level2.txt; sourceTree = "<group>"; };
/* End PBXFileReference section */

/* Begin PBXFrameworksBuildPhase section */
		5A1925011DFD8F6A004CE296 /* Frameworks */ = {
			isa = PBXFrameworksBuildPhase;
			buildActionMask = 2147483647;
			files = (
			);
			runOnlyForDeploymentPostprocessing = 0;
		};
/* End PBXFrameworksBuildPhase section */

/* Begin PBXGroup section */
		5A1924FB1DFD8F6A004CE296 = {
			isa = PBXGroup;
			children = (
				5A1925061DFD8F6A004CE296 /* SwiftyWords */,
				5A1925051DFD8F6A004CE296 /* Products */,
			);
			sourceTree = "<group>";
		};
		5A1925051DFD8F6A004CE296 /* Products */ = {
			isa = PBXGroup;
			children = (
				5A1925041DFD8F6A004CE296 /* SwiftyWords.app */,
			);
			name = Products;
			sourceTree = "<group>";
		};
		5A1925061DFD8F6A004CE296 /* SwiftyWords */ = {
			isa = PBXGroup;
			children = (
				5A1925071DFD8F6A004CE296 /* AppDelegate.swift */,
				5A1925091DFD8F6A004CE296 /* ViewController.swift */,
				5A19250B1DFD8F6A004CE296 /* Main.storyboard */,
				5A1925191DFD98C5004CE296 /* level1.txt */,
				5A19251B1DFDA60A004CE296 /* level2.txt */,
				5A19250E1DFD8F6A004CE296 /* Assets.xcassets */,
				5A1925101DFD8F6A004CE296 /* LaunchScreen.storyboard */,
				5A1925131DFD8F6A004CE296 /* Info.plist */,
			);
			path = SwiftyWords;
			sourceTree = "<group>";
		};
/* End PBXGroup section */

/* Begin PBXNativeTarget section */
		5A1925031DFD8F6A004CE296 /* SwiftyWords */ = {
			isa = PBXNativeTarget;
			buildConfigurationList = 5A1925161DFD8F6A004CE296 /* Build configuration list for PBXNativeTarget "SwiftyWords" */;
			buildPhases = (
				5A1925001DFD8F6A004CE296 /* Sources */,
				5A1925011DFD8F6A004CE296 /* Frameworks */,
				5A1925021DFD8F6A004CE296 /* Resources */,
			);
			buildRules = (
			);
			dependencies = (
			);
			name = SwiftyWords;
			productName = SwiftyWords;
			productReference = 5A1925041DFD8F6A004CE296 /* SwiftyWords.app */;
			productType = "com.apple.product-type.application";
		};
/* End PBXNativeTarget section */

/* Begin PBXProject section */
		5A1924FC1DFD8F6A004CE296 /* Project object */ = {
			isa = PBXProject;
			attributes = {
				LastSwiftUpdateCheck = 0810;
				LastUpgradeCheck = 0810;
				ORGANIZATIONNAME = noahpatterson;
				TargetAttributes = {
					5A1925031DFD8F6A004CE296 = {
						CreatedOnToolsVersion = 8.1;
						DevelopmentTeam = L4U489Q2PR;
						ProvisioningStyle = Automatic;
					};
				};
			};
			buildConfigurationList = 5A1924FF1DFD8F6A004CE296 /* Build configuration list for PBXProject "SwiftyWords" */;
			compatibilityVersion = "Xcode 3.2";
			developmentRegion = English;
			hasScannedForEncodings = 0;
			knownRegions = (
				en,
				Base,
			);
			mainGroup = 5A1924FB1DFD8F6A004CE296;
			productRefGroup = 5A1925051DFD8F6A004CE296 /* Products */;
			projectDirPath = "";
			projectRoot = "";
			targets = (
				5A1925031DFD8F6A004CE296 /* SwiftyWords */,
			);
		};
/* End PBXProject section */

/* Begin PBXResourcesBuildPhase section */
		5A1925021DFD8F6A004CE296 /* Resources */ = {
			isa = PBXResourcesBuildPhase;
			buildActionMask = 2147483647;
			files = (
				5A19251C1DFDA60A004CE296 /* level2.txt in Resources */,
				5A1925121DFD8F6A004CE296 /* LaunchScreen.storyboard in Resources */,
				5A19251A1DFD98C5004CE296 /* level1.txt in Resources */,
				5A19250F1DFD8F6A004CE296 /* Assets.xcassets in Resources */,
				5A19250D1DFD8F6A004CE296 /* Main.storyboard in Resources */,
			);
			runOnlyForDeploymentPostprocessing = 0;
		};
/* End PBXResourcesBuildPhase section */

/* Begin PBXSourcesBuildPhase section */
		5A1925001DFD8F6A004CE296 /* Sources */ = {
			isa = PBXSourcesBuildPhase;
			buildActionMask = 2147483647;
			files = (
				5A19250A1DFD8F6A004CE296 /* ViewController.swift in Sources */,
				5A1925081DFD8F6A004CE296 /* AppDelegate.swift in Sources */,
			);
			runOnlyForDeploymentPostprocessing = 0;
		};
/* End PBXSourcesBuildPhase section */

/* Begin PBXVariantGroup section */
		5A19250B1DFD8F6A004CE296 /* Main.storyboard */ = {
			isa = PBXVariantGroup;
			children = (
				5A19250C1DFD8F6A004CE296 /* Base */,
			);
			name = Main.storyboard;
			sourceTree = "<group>";
		};
		5A1925101DFD8F6A004CE296 /* LaunchScreen.storyboard */ = {
			isa = PBXVariantGroup;
			children = (
				5A1925111DFD8F6A004CE296 /* Base */,
			);
			name = LaunchScreen.storyboard;
			sourceTree = "<group>";
		};
/* End PBXVariantGroup section */

/* Begin XCBuildConfiguration section */
		5A1925141DFD8F6A004CE296 /* Debug */ = {
			isa = XCBuildConfiguration;
			buildSettings = {
				ALWAYS_SEARCH_USER_PATHS = NO;
				CLANG_ANALYZER_NONNULL = YES;
				CLANG_CXX_LANGUAGE_STANDARD = "gnu++0x";
				CLANG_CXX_LIBRARY = "libc++";
				CLANG_ENABLE_MODULES = YES;
				CLANG_ENABLE_OBJC_ARC = YES;
				CLANG_WARN_BOOL_CONVERSION = YES;
				CLANG_WARN_CONSTANT_CONVERSION = YES;
				CLANG_WARN_DIRECT_OBJC_ISA_USAGE = YES_ERROR;
				CLANG_WARN_DOCUMENTATION_COMMENTS = YES;
				CLANG_WARN_EMPTY_BODY = YES;
				CLANG_WARN_ENUM_CONVERSION = YES;
				CLANG_WARN_INFINITE_RECURSION = YES;
				CLANG_WARN_INT_CONVERSION = YES;
				CLANG_WARN_OBJC_ROOT_CLASS = YES_ERROR;
				CLANG_WARN_SUSPICIOUS_MOVES = YES;
				CLANG_WARN_UNREACHABLE_CODE = YES;
				CLANG_WARN__DUPLICATE_METHOD_MATCH = YES;
				"CODE_SIGN_IDENTITY[sdk=iphoneos*]" = "iPhone Developer";
				COPY_PHASE_STRIP = NO;
				DEBUG_INFORMATION_FORMAT = dwarf;
				ENABLE_STRICT_OBJC_MSGSEND = YES;
				ENABLE_TESTABILITY = YES;
				GCC_C_LANGUAGE_STANDARD = gnu99;
				GCC_DYNAMIC_NO_PIC = NO;
				GCC_NO_COMMON_BLOCKS = YES;
				GCC_OPTIMIZATION_LEVEL = 0;
				GCC_PREPROCESSOR_DEFINITIONS = (
					"DEBUG=1",
					"$(inherited)",
				);
				GCC_WARN_64_TO_32_BIT_CONVERSION = YES;
				GCC_WARN_ABOUT_RETURN_TYPE = YES_ERROR;
				GCC_WARN_UNDECLARED_SELECTOR = YES;
				GCC_WARN_UNINITIALIZED_AUTOS = YES_AGGRESSIVE;
				GCC_WARN_UNUSED_FUNCTION = YES;
				GCC_WARN_UNUSED_VARIABLE = YES;
				IPHONEOS_DEPLOYMENT_TARGET = 10.1;
				MTL_ENABLE_DEBUG_INFO = YES;
				ONLY_ACTIVE_ARCH = YES;
				SDKROOT = iphoneos;
				SWIFT_ACTIVE_COMPILATION_CONDITIONS = DEBUG;
				SWIFT_OPTIMIZATION_LEVEL = "-Onone";
				TARGETED_DEVICE_FAMILY = 2;
			};
			name = Debug;
		};
		5A1925151DFD8F6A004CE296 /* Release */ = {
			isa = XCBuildConfiguration;
			buildSettings = {
				ALWAYS_SEARCH_USER_PATHS = NO;
				CLANG_ANALYZER_NONNULL = YES;
				CLANG_CXX_LANGUAGE_STANDARD = "gnu++0x";
				CLANG_CXX_LIBRARY = "libc++";
				CLANG_ENABLE_MODULES = YES;
				CLANG_ENABLE_OBJC_ARC = YES;
				CLANG_WARN_BOOL_CONVERSION = YES;
				CLANG_WARN_CONSTANT_CONVERSION = YES;
				CLANG_WARN_DIRECT_OBJC_ISA_USAGE = YES_ERROR;
				CLANG_WARN_DOCUMENTATION_COMMENTS = YES;
				CLANG_WARN_EMPTY_BODY = YES;
				CLANG_WARN_ENUM_CONVERSION = YES;
				CLANG_WARN_INFINITE_RECURSION = YES;
				CLANG_WARN_INT_CONVERSION = YES;
				CLANG_WARN_OBJC_ROOT_CLASS = YES_ERROR;
				CLANG_WARN_SUSPICIOUS_MOVES = YES;
				CLANG_WARN_UNREACHABLE_CODE = YES;
				CLANG_WARN__DUPLICATE_METHOD_MATCH = YES;
				"CODE_SIGN_IDENTITY[sdk=iphoneos*]" = "iPhone Developer";
				COPY_PHASE_STRIP = NO;
				DEBUG_INFORMATION_FORMAT = "dwarf-with-dsym";
				ENABLE_NS_ASSERTIONS = NO;
				ENABLE_STRICT_OBJC_MSGSEND = YES;
				GCC_C_LANGUAGE_STANDARD = gnu99;
				GCC_NO_COMMON_BLOCKS = YES;
				GCC_WARN_64_TO_32_BIT_CONVERSION = YES;
				GCC_WARN_ABOUT_RETURN_TYPE = YES_ERROR;
				GCC_WARN_UNDECLARED_SELECTOR = YES;
				GCC_WARN_UNINITIALIZED_AUTOS = YES_AGGRESSIVE;
				GCC_WARN_UNUSED_FUNCTION = YES;
				GCC_WARN_UNUSED_VARIABLE = YES;
				IPHONEOS_DEPLOYMENT_TARGET = 10.1;
				MTL_ENABLE_DEBUG_INFO = NO;
				SDKROOT = iphoneos;
				SWIFT_OPTIMIZATION_LEVEL = "-Owholemodule";
				TARGETED_DEVICE_FAMILY = 2;
				VALIDATE_PRODUCT = YES;
			};
			name = Release;
		};
		5A1925171DFD8F6A004CE296 /* Debug */ = {
			isa = XCBuildConfiguration;
			buildSettings = {
				ASSETCATALOG_COMPILER_APPICON_NAME = AppIcon;
				DEVELOPMENT_TEAM = L4U489Q2PR;
				INFOPLIST_FILE = SwiftyWords/Info.plist;
				LD_RUNPATH_SEARCH_PATHS = "$(inherited) @executable_path/Frameworks";
				PRODUCT_BUNDLE_IDENTIFIER = me.noahpatterson.SwiftyWords;
				PRODUCT_NAME = "$(TARGET_NAME)";
				SWIFT_VERSION = 3.0;
			};
			name = Debug;
		};
		5A1925181DFD8F6A004CE296 /* Release */ = {
			isa = XCBuildConfiguration;
			buildSettings = {
				ASSETCATALOG_COMPILER_APPICON_NAME = AppIcon;
				DEVELOPMENT_TEAM = L4U489Q2PR;
				INFOPLIST_FILE = SwiftyWords/Info.plist;
				LD_RUNPATH_SEARCH_PATHS = "$(inherited) @executable_path/Frameworks";
				PRODUCT_BUNDLE_IDENTIFIER = me.noahpatterson.SwiftyWords;
				PRODUCT_NAME = "$(TARGET_NAME)";
				SWIFT_VERSION = 3.0;
			};
			name = Release;
		};
/* End XCBuildConfiguration section */

/* Begin XCConfigurationList section */
		5A1924FF1DFD8F6A004CE296 /* Build configuration list for PBXProject "SwiftyWords" */ = {
			isa = XCConfigurationList;
			buildConfigurations = (
				5A1925141DFD8F6A004CE296 /* Debug */,
				5A1925151DFD8F6A004CE296 /* Release */,
			);
			defaultConfigurationIsVisible = 0;
			defaultConfigurationName = Release;
		};
		5A1925161DFD8F6A004CE296 /* Build configuration list for PBXNativeTarget "SwiftyWords" */ = {
			isa = XCConfigurationList;
			buildConfigurations = (
				5A1925171DFD8F6A004CE296 /* Debug */,
				5A1925181DFD8F6A004CE296 /* Release */,
			);
			defaultConfigurationIsVisible = 0;
		};
/* End XCConfigurationList section */
	};
	rootObject = 5A1924FC1DFD8F6A004CE296 /* Project object */;
}
